// !$*UTF8*$!
{
	archiveVersion = 1;
	classes = {
	};
	objectVersion = 46;
	objects = {

/* Begin PBXBuildFile section */
		FFF32BD515213EE100BD1AD0 /* UIKit.framework in Frameworks */ = {isa = PBXBuildFile; fileRef = FFF32BD415213EE100BD1AD0 /* UIKit.framework */; };
		FFF32BD715213EE100BD1AD0 /* Foundation.framework in Frameworks */ = {isa = PBXBuildFile; fileRef = FFF32BD615213EE100BD1AD0 /* Foundation.framework */; };
		FFF32BD915213EE100BD1AD0 /* CoreGraphics.framework in Frameworks */ = {isa = PBXBuildFile; fileRef = FFF32BD815213EE100BD1AD0 /* CoreGraphics.framework */; };
		FFF32BDF15213EE100BD1AD0 /* InfoPlist.strings in Resources */ = {isa = PBXBuildFile; fileRef = FFF32BDD15213EE100BD1AD0 /* InfoPlist.strings */; };
		FFF32BE115213EE100BD1AD0 /* main.m in Sources */ = {isa = PBXBuildFile; fileRef = FFF32BE015213EE100BD1AD0 /* main.m */; };
		FFF32BE515213EE100BD1AD0 /* HappyBrowAppDelegate.m in Sources */ = {isa = PBXBuildFile; fileRef = FFF32BE415213EE100BD1AD0 /* HappyBrowAppDelegate.m */; };
		FFF32BE815213EE100BD1AD0 /* MainStoryboard.storyboard in Resources */ = {isa = PBXBuildFile; fileRef = FFF32BE615213EE100BD1AD0 /* MainStoryboard.storyboard */; };
		FFF32BEB15213EE100BD1AD0 /* HappyBrowViewController.m in Sources */ = {isa = PBXBuildFile; fileRef = FFF32BEA15213EE100BD1AD0 /* HappyBrowViewController.m */; };
/* End PBXBuildFile section */

/* Begin PBXFileReference section */
		FFF32BD015213EE100BD1AD0 /* HappyBrow.app */ = {isa = PBXFileReference; explicitFileType = wrapper.application; includeInIndex = 0; path = HappyBrow.app; sourceTree = BUILT_PRODUCTS_DIR; };
		FFF32BD415213EE100BD1AD0 /* UIKit.framework */ = {isa = PBXFileReference; lastKnownFileType = wrapper.framework; name = UIKit.framework; path = System/Library/Frameworks/UIKit.framework; sourceTree = SDKROOT; };
		FFF32BD615213EE100BD1AD0 /* Foundation.framework */ = {isa = PBXFileReference; lastKnownFileType = wrapper.framework; name = Foundation.framework; path = System/Library/Frameworks/Foundation.framework; sourceTree = SDKROOT; };
		FFF32BD815213EE100BD1AD0 /* CoreGraphics.framework */ = {isa = PBXFileReference; lastKnownFileType = wrapper.framework; name = CoreGraphics.framework; path = System/Library/Frameworks/CoreGraphics.framework; sourceTree = SDKROOT; };
		FFF32BDC15213EE100BD1AD0 /* HappyBrow-Info.plist */ = {isa = PBXFileReference; path = "HappyBrow-Info.plist"; sourceTree = "<group>"; };
		FFF32BDE15213EE100BD1AD0 /* en */ = {isa = PBXFileReference; lastKnownFileType = text.plist.strings; name = en; path = en.lproj/InfoPlist.strings; sourceTree = "<group>"; };
		FFF32BE015213EE100BD1AD0 /* main.m */ = {isa = PBXFileReference; lastKnownFileType = sourcecode.c.objc; path = main.m; sourceTree = "<group>"; };
		FFF32BE215213EE100BD1AD0 /* HappyBrow-Prefix.pch */ = {isa = PBXFileReference; path = "HappyBrow-Prefix.pch"; sourceTree = "<group>"; };
		FFF32BE315213EE100BD1AD0 /* HappyBrowAppDelegate.h */ = {isa = PBXFileReference; path = HappyBrowAppDelegate.h; sourceTree = "<group>"; };
		FFF32BE415213EE100BD1AD0 /* HappyBrowAppDelegate.m */ = {isa = PBXFileReference; lastKnownFileType = sourcecode.c.objc; path = HappyBrowAppDelegate.m; sourceTree = "<group>"; };
		FFF32BE715213EE100BD1AD0 /* en */ = {isa = PBXFileReference; lastKnownFileType = file.storyboard; name = en; path = en.lproj/MainStoryboard.storyboard; sourceTree = "<group>"; };
		FFF32BE915213EE100BD1AD0 /* HappyBrowViewController.h */ = {isa = PBXFileReference; path = HappyBrowViewController.h; sourceTree = "<group>"; };
		FFF32BEA15213EE100BD1AD0 /* HappyBrowViewController.m */ = {isa = PBXFileReference; lastKnownFileType = sourcecode.c.objc; path = HappyBrowViewController.m; sourceTree = "<group>"; };
/* End PBXFileReference section */

/* Begin PBXFrameworksBuildPhase section */
		FFF32BCD15213EE100BD1AD0 /* Frameworks */ = {
			isa = PBXFrameworksBuildPhase;
			buildActionMask = 2147483647;
			files = (
				FFF32BD515213EE100BD1AD0 /* UIKit.framework in Frameworks */,
				FFF32BD715213EE100BD1AD0 /* Foundation.framework in Frameworks */,
				FFF32BD915213EE100BD1AD0 /* CoreGraphics.framework in Frameworks */,
			);
			runOnlyForDeploymentPostprocessing = 0;
		};
/* End PBXFrameworksBuildPhase section */

/* Begin PBXGroup section */
		FFF32BC515213EE100BD1AD0 = {
			isa = PBXGroup;
			children = (
				FFF32BDA15213EE100BD1AD0 /* HappyBrow */,
				FFF32BD315213EE100BD1AD0 /* Frameworks */,
				FFF32BD115213EE100BD1AD0 /* Products */,
			);
			sourceTree = "<group>";
		};
		FFF32BD115213EE100BD1AD0 /* Products */ = {
			isa = PBXGroup;
			children = (
				FFF32BD015213EE100BD1AD0 /* HappyBrow.app */,
			);
			name = Products;
			sourceTree = "<group>";
		};
		FFF32BD315213EE100BD1AD0 /* Frameworks */ = {
			isa = PBXGroup;
			children = (
				FFF32BD415213EE100BD1AD0 /* UIKit.framework */,
				FFF32BD615213EE100BD1AD0 /* Foundation.framework */,
				FFF32BD815213EE100BD1AD0 /* CoreGraphics.framework */,
			);
			name = Frameworks;
			sourceTree = "<group>";
		};
		FFF32BDA15213EE100BD1AD0 /* HappyBrow */ = {
			isa = PBXGroup;
			children = (
				FFF32BE315213EE100BD1AD0 /* HappyBrowAppDelegate.h */,
				FFF32BE415213EE100BD1AD0 /* HappyBrowAppDelegate.m */,
				FFF32BE615213EE100BD1AD0 /* MainStoryboard.storyboard */,
				FFF32BE915213EE100BD1AD0 /* HappyBrowViewController.h */,
				FFF32BEA15213EE100BD1AD0 /* HappyBrowViewController.m */,
				FFF32BDB15213EE100BD1AD0 /* Supporting Files */,
			);
			path = HappyBrow;
			sourceTree = "<group>";
		};
		FFF32BDB15213EE100BD1AD0 /* Supporting Files */ = {
			isa = PBXGroup;
			children = (
				FFF32BDC15213EE100BD1AD0 /* HappyBrow-Info.plist */,
				FFF32BDD15213EE100BD1AD0 /* InfoPlist.strings */,
				FFF32BE015213EE100BD1AD0 /* main.m */,
				FFF32BE215213EE100BD1AD0 /* HappyBrow-Prefix.pch */,
			);
			name = "Supporting Files";
			sourceTree = "<group>";
		};
/* End PBXGroup section */

/* Begin PBXNativeTarget section */
		FFF32BCF15213EE100BD1AD0 /* HappyBrow */ = {
			isa = PBXNativeTarget;
			buildConfigurationList = FFF32BEE15213EE100BD1AD0 /* Build configuration list for PBXNativeTarget "HappyBrow" */;
			buildPhases = (
				FFF32BCC15213EE100BD1AD0 /* Sources */,
				FFF32BCD15213EE100BD1AD0 /* Frameworks */,
				FFF32BCE15213EE100BD1AD0 /* Resources */,
			);
			buildRules = (
			);
			dependencies = (
			);
			name = HappyBrow;
			productName = HappyBrow;
			productReference = FFF32BD015213EE100BD1AD0 /* HappyBrow.app */;
			productType = "com.apple.product-type.application";
		};
/* End PBXNativeTarget section */

/* Begin PBXProject section */
		FFF32BC715213EE100BD1AD0 /* Project object */ = {
			isa = PBXProject;
			attributes = {
				CLASSPREFIX = HappyBrow;
				LastUpgradeCheck = 0430;
				ORGANIZATIONNAME = "Cammino Comunicação Online";
			};
			buildConfigurationList = FFF32BCA15213EE100BD1AD0 /* Build configuration list for PBXProject "HappyBrow" */;
			compatibilityVersion = "Xcode 3.2";
			developmentRegion = English;
			hasScannedForEncodings = 0;
			knownRegions = (
				en,
			);
			mainGroup = FFF32BC515213EE100BD1AD0;
			productRefGroup = FFF32BD115213EE100BD1AD0 /* Products */;
			projectDirPath = "";
			projectRoot = "";
			targets = (
				FFF32BCF15213EE100BD1AD0 /* HappyBrow */,
			);
		};
/* End PBXProject section */

/* Begin PBXResourcesBuildPhase section */
		FFF32BCE15213EE100BD1AD0 /* Resources */ = {
			isa = PBXResourcesBuildPhase;
			buildActionMask = 2147483647;
			files = (
				FFF32BDF15213EE100BD1AD0 /* InfoPlist.strings in Resources */,
				FFF32BE815213EE100BD1AD0 /* MainStoryboard.storyboard in Resources */,
			);
			runOnlyForDeploymentPostprocessing = 0;
		};
/* End PBXResourcesBuildPhase section */

/* Begin PBXSourcesBuildPhase section */
		FFF32BCC15213EE100BD1AD0 /* Sources */ = {
			isa = PBXSourcesBuildPhase;
			buildActionMask = 2147483647;
			files = (
				FFF32BE115213EE100BD1AD0 /* main.m in Sources */,
				FFF32BE515213EE100BD1AD0 /* HappyBrowAppDelegate.m in Sources */,
				FFF32BEB15213EE100BD1AD0 /* HappyBrowViewController.m in Sources */,
			);
			runOnlyForDeploymentPostprocessing = 0;
		};
/* End PBXSourcesBuildPhase section */

/* Begin PBXVariantGroup section */
		FFF32BDD15213EE100BD1AD0 /* InfoPlist.strings */ = {
			isa = PBXVariantGroup;
			children = (
				FFF32BDE15213EE100BD1AD0 /* en */,
			);
			name = InfoPlist.strings;
			sourceTree = "<group>";
		};
		FFF32BE615213EE100BD1AD0 /* MainStoryboard.storyboard */ = {
			isa = PBXVariantGroup;
			children = (
				FFF32BE715213EE100BD1AD0 /* en */,
			);
			name = MainStoryboard.storyboard;
			sourceTree = "<group>";
		};
/* End PBXVariantGroup section */

/* Begin XCBuildConfiguration section */
		FFF32BEC15213EE100BD1AD0 /* Debug */ = {
			isa = XCBuildConfiguration;
			buildSettings = {
				ALWAYS_SEARCH_USER_PATHS = NO;
				ARCHS = "$(ARCHS_STANDARD_32_BIT)";
				CLANG_ENABLE_OBJC_ARC = YES;
				"CODE_SIGN_IDENTITY[sdk=iphoneos*]" = "iPhone Developer";
				COPY_PHASE_STRIP = NO;
				GCC_C_LANGUAGE_STANDARD = gnu99;
				GCC_DYNAMIC_NO_PIC = NO;
				GCC_OPTIMIZATION_LEVEL = 0;
				GCC_PREPROCESSOR_DEFINITIONS = (
					"DEBUG=1",
					"$(inherited)",
				);
				GCC_SYMBOLS_PRIVATE_EXTERN = NO;
				GCC_VERSION = com.apple.compilers.llvm.clang.1_0;
				GCC_WARN_ABOUT_RETURN_TYPE = YES;
				GCC_WARN_UNINITIALIZED_AUTOS = YES;
				GCC_WARN_UNUSED_VARIABLE = YES;
				IPHONEOS_DEPLOYMENT_TARGET = 5.1;
				SDKROOT = iphoneos;
			};
			name = Debug;
		};
		FFF32BED15213EE100BD1AD0 /* Release */ = {
			isa = XCBuildConfiguration;
			buildSettings = {
				ALWAYS_SEARCH_USER_PATHS = NO;
				ARCHS = "$(ARCHS_STANDARD_32_BIT)";
				CLANG_ENABLE_OBJC_ARC = YES;
				"CODE_SIGN_IDENTITY[sdk=iphoneos*]" = "iPhone Developer";
				COPY_PHASE_STRIP = YES;
				GCC_C_LANGUAGE_STANDARD = gnu99;
				GCC_VERSION = com.apple.compilers.llvm.clang.1_0;
				GCC_WARN_ABOUT_RETURN_TYPE = YES;
				GCC_WARN_UNINITIALIZED_AUTOS = YES;
				GCC_WARN_UNUSED_VARIABLE = YES;
				IPHONEOS_DEPLOYMENT_TARGET = 5.1;
				OTHER_CFLAGS = "-DNS_BLOCK_ASSERTIONS=1";
				SDKROOT = iphoneos;
				VALIDATE_PRODUCT = YES;
			};
			name = Release;
		};
		FFF32BEF15213EE100BD1AD0 /* Debug */ = {
			isa = XCBuildConfiguration;
			buildSettings = {
				GCC_PRECOMPILE_PREFIX_HEADER = YES;
				GCC_PREFIX_HEADER = "HappyBrow/HappyBrow-Prefix.pch";
				INFOPLIST_FILE = "HappyBrow/HappyBrow-Info.plist";
				PRODUCT_NAME = "$(TARGET_NAME)";
				WRAPPER_EXTENSION = app;
			};
			name = Debug;
		};
		FFF32BF015213EE100BD1AD0 /* Release */ = {
			isa = XCBuildConfiguration;
			buildSettings = {
				GCC_PRECOMPILE_PREFIX_HEADER = YES;
				GCC_PREFIX_HEADER = "HappyBrow/HappyBrow-Prefix.pch";
				INFOPLIST_FILE = "HappyBrow/HappyBrow-Info.plist";
				PRODUCT_NAME = "$(TARGET_NAME)";
				WRAPPER_EXTENSION = app;
			};
			name = Release;
		};
/* End XCBuildConfiguration section */

/* Begin XCConfigurationList section */
		FFF32BCA15213EE100BD1AD0 /* Build configuration list for PBXProject "HappyBrow" */ = {
			isa = XCConfigurationList;
			buildConfigurations = (
				FFF32BEC15213EE100BD1AD0 /* Debug */,
				FFF32BED15213EE100BD1AD0 /* Release */,
			);
			defaultConfigurationIsVisible = 0;
			defaultConfigurationName = Release;
		};
		FFF32BEE15213EE100BD1AD0 /* Build configuration list for PBXNativeTarget "HappyBrow" */ = {
			isa = XCConfigurationList;
			buildConfigurations = (
				FFF32BEF15213EE100BD1AD0 /* Debug */,
				FFF32BF015213EE100BD1AD0 /* Release */,
			);
			defaultConfigurationIsVisible = 0;
		};
/* End XCConfigurationList section */
	};
	rootObject = FFF32BC715213EE100BD1AD0 /* Project object */;
}
